
Microsoft Visual Studio Solution File, Format Version 12.00
# Visual Studio Version 17
VisualStudioVersion = 17.1.32421.90
MinimumVisualStudioVersion = 10.0.40219.1
Project("{FAE04EC0-301F-11D3-BF4B-00C04F79EFBC}") = "RestFulAPI", "RestFulAPI\RestFulAPI.csproj", "{739993AE-1A0C-4530-AFE5-8D3897C32F7B}"
EndProject
Global
	GlobalSection(SolutionConfigurationPlatforms) = preSolution
		Debug|Any CPU = Debug|Any CPU
		Release|Any CPU = Release|Any CPU
	EndGlobalSection
	GlobalSection(ProjectConfigurationPlatforms) = postSolution
		{739993AE-1A0C-4530-AFE5-8D3897C32F7B}.Debug|Any CPU.ActiveCfg = Debug|Any CPU
		{739993AE-1A0C-4530-AFE5-8D3897C32F7B}.Debug|Any CPU.Build.0 = Debug|Any CPU
		{739993AE-1A0C-4530-AFE5-8D3897C32F7B}.Release|Any CPU.ActiveCfg = Release|Any CPU
		{739993AE-1A0C-4530-AFE5-8D3897C32F7B}.Release|Any CPU.Build.0 = Release|Any CPU
	EndGlobalSection
	GlobalSection(SolutionProperties) = preSolution
		HideSolutionNode = FALSE
	EndGlobalSection
	GlobalSection(ExtensibilityGlobals) = postSolution
		SolutionGuid = {961D2E90-99FD-48CD-BFCE-D7A703544A8A}
	EndGlobalSection
EndGlobal
